
Microsoft Visual Studio Solution File, Format Version 11.00
# Visual C++ Express 2010
Project("{8BC9CEB8-8B4A-11D0-8D11-00A0C91BC942}") = "jacui-sdl1.2", "jacui-sdl1.2.vcxproj", "{4788D248-5AA8-4FD1-91C0-4C7F2BACB1CE}"
EndProject
Project("{8BC9CEB8-8B4A-11D0-8D11-00A0C91BC942}") = "imgview", "imgview.vcxproj", "{F8950C7C-CB16-4A74-A240-DEE02BC4FA59}"
	ProjectSection(ProjectDependencies) = postProject
		{4788D248-5AA8-4FD1-91C0-4C7F2BACB1CE} = {4788D248-5AA8-4FD1-91C0-4C7F2BACB1CE}
	EndProjectSection
EndProject
Project("{8BC9CEB8-8B4A-11D0-8D11-00A0C91BC942}") = "fontview", "fontview.vcxproj", "{A93F8B5F-29C2-4D76-82D5-84585C668675}"
	ProjectSection(ProjectDependencies) = postProject
		{4788D248-5AA8-4FD1-91C0-4C7F2BACB1CE} = {4788D248-5AA8-4FD1-91C0-4C7F2BACB1CE}
	EndProjectSection
EndProject
Global
	GlobalSection(SolutionConfigurationPlatforms) = preSolution
		Debug|Win32 = Debug|Win32
		Release|Win32 = Release|Win32
	EndGlobalSection
	GlobalSection(ProjectConfigurationPlatforms) = postSolution
		{F8950C7C-CB16-4A74-A240-DEE02BC4FA59}.Debug|Win32.ActiveCfg = Debug|Win32
		{F8950C7C-CB16-4A74-A240-DEE02BC4FA59}.Debug|Win32.Build.0 = Debug|Win32
		{F8950C7C-CB16-4A74-A240-DEE02BC4FA59}.Release|Win32.ActiveCfg = Release|Win32
		{F8950C7C-CB16-4A74-A240-DEE02BC4FA59}.Release|Win32.Build.0 = Release|Win32
		{A93F8B5F-29C2-4D76-82D5-84585C668675}.Debug|Win32.ActiveCfg = Debug|Win32
		{A93F8B5F-29C2-4D76-82D5-84585C668675}.Debug|Win32.Build.0 = Debug|Win32
		{A93F8B5F-29C2-4D76-82D5-84585C668675}.Release|Win32.ActiveCfg = Release|Win32
		{A93F8B5F-29C2-4D76-82D5-84585C668675}.Release|Win32.Build.0 = Release|Win32
		{4788D248-5AA8-4FD1-91C0-4C7F2BACB1CE}.Debug|Win32.ActiveCfg = Debug|Win32
		{4788D248-5AA8-4FD1-91C0-4C7F2BACB1CE}.Debug|Win32.Build.0 = Debug|Win32
		{4788D248-5AA8-4FD1-91C0-4C7F2BACB1CE}.Release|Win32.ActiveCfg = Release|Win32
		{4788D248-5AA8-4FD1-91C0-4C7F2BACB1CE}.Release|Win32.Build.0 = Release|Win32
	EndGlobalSection
	GlobalSection(SolutionProperties) = preSolution
		HideSolutionNode = FALSE
	EndGlobalSection
EndGlobal
